
Microsoft Visual Studio Solution File, Format Version 12.00
# Visual Studio Version 17
VisualStudioVersion = 17.8.34309.116
MinimumVisualStudioVersion = 10.0.40219.1
Project("{FAE04EC0-301F-11D3-BF4B-00C04F79EFBC}") = "Anytimefit", "Anytimefit\Anytimefit.csproj", "{FFFBF483-B26C-4E2C-B89C-BE4EFDB6DF75}"
EndProject
Global
	GlobalSection(SolutionConfigurationPlatforms) = preSolution
		Debug|Any CPU = Debug|Any CPU
		Release|Any CPU = Release|Any CPU
	EndGlobalSection
	GlobalSection(ProjectConfigurationPlatforms) = postSolution
		{FFFBF483-B26C-4E2C-B89C-BE4EFDB6DF75}.Debug|Any CPU.ActiveCfg = Debug|Any CPU
		{FFFBF483-B26C-4E2C-B89C-BE4EFDB6DF75}.Debug|Any CPU.Build.0 = Debug|Any CPU
		{FFFBF483-B26C-4E2C-B89C-BE4EFDB6DF75}.Release|Any CPU.ActiveCfg = Release|Any CPU
		{FFFBF483-B26C-4E2C-B89C-BE4EFDB6DF75}.Release|Any CPU.Build.0 = Release|Any CPU
	EndGlobalSection
	GlobalSection(SolutionProperties) = preSolution
		HideSolutionNode = FALSE
	EndGlobalSection
	GlobalSection(ExtensibilityGlobals) = postSolution
		SolutionGuid = {7970CF7A-8AF6-4523-AED7-2F54DB2C09A7}
	EndGlobalSection
EndGlobal
